
Microsoft Visual Studio Solution File, Format Version 12.00
# Visual Studio Version 16
VisualStudioVersion = 16.0.29613.14
MinimumVisualStudioVersion = 10.0.40219.1
Project("{FAE04EC0-301F-11D3-BF4B-00C04F79EFBC}") = "Bit.Core.Web", "Bit.Core.Web\Bit.Core.Web.csproj", "{A63FE25A-8D53-41D2-A431-2615DD11B0EF}"
EndProject
Global
	GlobalSection(SolutionConfigurationPlatforms) = preSolution
		Debug|Any CPU = Debug|Any CPU
		Release|Any CPU = Release|Any CPU
	EndGlobalSection
	GlobalSection(ProjectConfigurationPlatforms) = postSolution
		{A63FE25A-8D53-41D2-A431-2615DD11B0EF}.Debug|Any CPU.ActiveCfg = Debug|Any CPU
		{A63FE25A-8D53-41D2-A431-2615DD11B0EF}.Debug|Any CPU.Build.0 = Debug|Any CPU
		{A63FE25A-8D53-41D2-A431-2615DD11B0EF}.Release|Any CPU.ActiveCfg = Release|Any CPU
		{A63FE25A-8D53-41D2-A431-2615DD11B0EF}.Release|Any CPU.Build.0 = Release|Any CPU
	EndGlobalSection
	GlobalSection(SolutionProperties) = preSolution
		HideSolutionNode = FALSE
	EndGlobalSection
	GlobalSection(ExtensibilityGlobals) = postSolution
		SolutionGuid = {B4E3AA57-81DF-4BB2-B115-AE6B64EAB49A}
	EndGlobalSection
EndGlobal
